# THIS IS AN AUTOGENERATED FILE. DO NOT EDIT THIS FILE DIRECTLY.
# yarn lockfile v1


ansi-styles@^3.1.0:
  version "3.2.0"
  resolved "https://registry.yarnpkg.com/ansi-styles/-/ansi-styles-3.2.0.tgz#c159b8d5be0f9e5a6f346dab94f16ce022161b88"
  dependencies:
    color-convert "^1.9.0"

balanced-match@^1.0.0:
  version "1.0.0"
  resolved "https://registry.yarnpkg.com/balanced-match/-/balanced-match-1.0.0.tgz#89b4d199ab2bee49de164ea02b89ce462d71b767"

chalk@^2.1.0:
  version "2.1.0"
  resolved "https://registry.yarnpkg.com/chalk/-/chalk-2.1.0.tgz#ac5becf14fa21b99c6c92ca7a7d7cfd5b17e743e"
  dependencies:
    ansi-styles "^3.1.0"
    escape-string-regexp "^1.0.5"
    supports-color "^4.0.0"

color-convert@^1.9.0:
  version "1.9.0"
  resolved "https://registry.yarnpkg.com/color-convert/-/color-convert-1.9.0.tgz#1accf97dd739b983bf994d56fec8f95853641b7a"
  dependencies:
    color-name "^1.1.1"

color-name@^1.1.1:
  version "1.1.3"
  resolved "https://registry.yarnpkg.com/color-name/-/color-name-1.1.3.tgz#a7d0558bd89c42f795dd42328f740831ca53bc25"

escape-string-regexp@^1.0.5:
  version "1.0.5"
  resolved "https://registry.yarnpkg.com/escape-string-regexp/-/escape-string-regexp-1.0.5.tgz#1b61c0562190a8dff6ae3bb2cf0200ca130b86d4"

has-flag@^2.0.0:
  version "2.0.0"
  resolved "https://registry.yarnpkg.com/has-flag/-/has-flag-2.0.0.tgz#e8207af1cc7b30d446cc70b734b5e8be18f88d51"

iconv@^2.2.3:
  version "2.3.0"
  resolved "https://registry.yarnpkg.com/iconv/-/iconv-2.3.0.tgz#9739887c2bd492d9a5e236dd3667c5358601201b"
  dependencies:
    nan "^2.3.5"

nan@^2.3.5:
  version "2.7.0"
  resolved "https://registry.yarnpkg.com/nan/-/nan-2.7.0.tgz#d95bf721ec877e08db276ed3fc6eb78f9083ad46"

postcss-custom-properties@^6.0.1:
  version "6.2.0"
  resolved "https://registry.yarnpkg.com/postcss-custom-properties/-/postcss-custom-properties-6.2.0.tgz#5d929a7f06e9b84e0f11334194c0ba9a30acfbe9"
  dependencies:
    balanced-match "^1.0.0"
    postcss "^6.0.13"

postcss@^6.0.1, postcss@^6.0.13:
  version "6.0.13"
  resolved "https://registry.yarnpkg.com/postcss/-/postcss-6.0.13.tgz#b9ecab4ee00c89db3ec931145bd9590bbf3f125f"
  dependencies:
    chalk "^2.1.0"
    source-map "^0.6.1"
    supports-color "^4.4.0"

source-map@^0.6.1:
  version "0.6.1"
  resolved "https://registry.yarnpkg.com/source-map/-/source-map-0.6.1.tgz#74722af32e9614e9c287a8d0bbde48b5e2f1a263"

supports-color@^4.0.0, supports-color@^4.4.0:
  version "4.4.0"
  resolved "https://registry.yarnpkg.com/supports-color/-/supports-color-4.4.0.tgz#883f7ddabc165142b2a61427f3352ded195d1a3e"
  dependencies:
    has-flag "^2.0.0"
